
Microsoft Visual Studio Solution File, Format Version 12.00
# Visual Studio 2012
Project("{8BC9CEB8-8B4A-11D0-8D11-00A0C91BC942}") = "relatie compozitie clase", "relatie compozitie clase\relatie compozitie clase.vcxproj", "{DB5DB8E6-0521-40A6-959B-7890C5C10170}"
EndProject
Global
	GlobalSection(SolutionConfigurationPlatforms) = preSolution
		Debug|Win32 = Debug|Win32
		Release|Win32 = Release|Win32
	EndGlobalSection
	GlobalSection(ProjectConfigurationPlatforms) = postSolution
		{DB5DB8E6-0521-40A6-959B-7890C5C10170}.Debug|Win32.ActiveCfg = Debug|Win32
		{DB5DB8E6-0521-40A6-959B-7890C5C10170}.Debug|Win32.Build.0 = Debug|Win32
		{DB5DB8E6-0521-40A6-959B-7890C5C10170}.Release|Win32.ActiveCfg = Release|Win32
		{DB5DB8E6-0521-40A6-959B-7890C5C10170}.Release|Win32.Build.0 = Release|Win32
	EndGlobalSection
	GlobalSection(SolutionProperties) = preSolution
		HideSolutionNode = FALSE
	EndGlobalSection
EndGlobal
